// !$*UTF8*$!
{
	archiveVersion = 1;
	classes = {
	};
	objectVersion = 48;
	objects = {

/* Begin PBXBuildFile section */
		9189830520D27631007490D9 /* AppDelegate.swift in Sources */ = {isa = PBXBuildFile; fileRef = 9189830420D27631007490D9 /* AppDelegate.swift */; };
		9189830B20D27631007490D9 /* GameScene.swift in Sources */ = {isa = PBXBuildFile; fileRef = 9189830A20D27631007490D9 /* GameScene.swift */; };
		9189830D20D27631007490D9 /* GameViewController.swift in Sources */ = {isa = PBXBuildFile; fileRef = 9189830C20D27631007490D9 /* GameViewController.swift */; };
		9189831020D27631007490D9 /* Main.storyboard in Resources */ = {isa = PBXBuildFile; fileRef = 9189830E20D27631007490D9 /* Main.storyboard */; };
		9189831220D27631007490D9 /* Assets.xcassets in Resources */ = {isa = PBXBuildFile; fileRef = 9189831120D27631007490D9 /* Assets.xcassets */; };
		9189831520D27631007490D9 /* LaunchScreen.storyboard in Resources */ = {isa = PBXBuildFile; fileRef = 9189831320D27631007490D9 /* LaunchScreen.storyboard */; };
		9189832120D27ABE007490D9 /* Settings.swift in Sources */ = {isa = PBXBuildFile; fileRef = 9189832020D27ABE007490D9 /* Settings.swift */; };
		919603B620D2B31500D55730 /* MenuScene.swift in Sources */ = {isa = PBXBuildFile; fileRef = 919603B520D2B31500D55730 /* MenuScene.swift */; };
		919603B820D3E46D00D55730 /* bling.wav in Resources */ = {isa = PBXBuildFile; fileRef = 919603B720D3E46D00D55730 /* bling.wav */; };
/* End PBXBuildFile section */

/* Begin PBXFileReference section */
		9189830120D27631007490D9 /* ColorSwitch.app */ = {isa = PBXFileReference; explicitFileType = wrapper.application; includeInIndex = 0; path = ColorSwitch.app; sourceTree = BUILT_PRODUCTS_DIR; };
		9189830420D27631007490D9 /* AppDelegate.swift */ = {isa = PBXFileReference; lastKnownFileType = sourcecode.swift; path = AppDelegate.swift; sourceTree = "<group>"; };
		9189830A20D27631007490D9 /* GameScene.swift */ = {isa = PBXFileReference; lastKnownFileType = sourcecode.swift; path = GameScene.swift; sourceTree = "<group>"; };
		9189830C20D27631007490D9 /* GameViewController.swift */ = {isa = PBXFileReference; lastKnownFileType = sourcecode.swift; path = GameViewController.swift; sourceTree = "<group>"; };
		9189830F20D27631007490D9 /* Base */ = {isa = PBXFileReference; lastKnownFileType = file.storyboard; name = Base; path = Base.lproj/Main.storyboard; sourceTree = "<group>"; };
		9189831120D27631007490D9 /* Assets.xcassets */ = {isa = PBXFileReference; lastKnownFileType = folder.assetcatalog; path = Assets.xcassets; sourceTree = "<group>"; };
		9189831420D27631007490D9 /* Base */ = {isa = PBXFileReference; lastKnownFileType = file.storyboard; name = Base; path = Base.lproj/LaunchScreen.storyboard; sourceTree = "<group>"; };
		9189831620D27631007490D9 /* Info.plist */ = {isa = PBXFileReference; lastKnownFileType = text.plist.xml; path = Info.plist; sourceTree = "<group>"; };
		9189832020D27ABE007490D9 /* Settings.swift */ = {isa = PBXFileReference; lastKnownFileType = sourcecode.swift; path = Settings.swift; sourceTree = "<group>"; };
		919603B520D2B31500D55730 /* MenuScene.swift */ = {isa = PBXFileReference; lastKnownFileType = sourcecode.swift; path = MenuScene.swift; sourceTree = "<group>"; };
		919603B720D3E46D00D55730 /* bling.wav */ = {isa = PBXFileReference; lastKnownFileType = audio.wav; name = bling.wav; path = ../../Downloads/SpriteKitGame/bling.wav; sourceTree = "<group>"; };
/* End PBXFileReference section */

/* Begin PBXFrameworksBuildPhase section */
		918982FE20D27631007490D9 /* Frameworks */ = {
			isa = PBXFrameworksBuildPhase;
			buildActionMask = 2147483647;
			files = (
			);
			runOnlyForDeploymentPostprocessing = 0;
		};
/* End PBXFrameworksBuildPhase section */

/* Begin PBXGroup section */
		918982F820D27631007490D9 = {
			isa = PBXGroup;
			children = (
				919603B720D3E46D00D55730 /* bling.wav */,
				9189830320D27631007490D9 /* ColorSwitch */,
				9189830220D27631007490D9 /* Products */,
			);
			sourceTree = "<group>";
		};
		9189830220D27631007490D9 /* Products */ = {
			isa = PBXGroup;
			children = (
				9189830120D27631007490D9 /* ColorSwitch.app */,
			);
			name = Products;
			sourceTree = "<group>";
		};
		9189830320D27631007490D9 /* ColorSwitch */ = {
			isa = PBXGroup;
			children = (
				9189831620D27631007490D9 /* Info.plist */,
				9189831F20D27822007490D9 /* Assets */,
				9189831E20D27816007490D9 /* Template */,
				9189831D20D2780C007490D9 /* Scenes */,
				9189831C20D277FB007490D9 /* ViewController */,
			);
			path = ColorSwitch;
			sourceTree = "<group>";
		};
		9189831C20D277FB007490D9 /* ViewController */ = {
			isa = PBXGroup;
			children = (
				9189830C20D27631007490D9 /* GameViewController.swift */,
			);
			path = ViewController;
			sourceTree = "<group>";
		};
		9189831D20D2780C007490D9 /* Scenes */ = {
			isa = PBXGroup;
			children = (
				9189830A20D27631007490D9 /* GameScene.swift */,
				919603B520D2B31500D55730 /* MenuScene.swift */,
			);
			path = Scenes;
			sourceTree = "<group>";
		};
		9189831E20D27816007490D9 /* Template */ = {
			isa = PBXGroup;
			children = (
				9189830420D27631007490D9 /* AppDelegate.swift */,
				9189832020D27ABE007490D9 /* Settings.swift */,
			);
			path = Template;
			sourceTree = "<group>";
		};
		9189831F20D27822007490D9 /* Assets */ = {
			isa = PBXGroup;
			children = (
				9189830E20D27631007490D9 /* Main.storyboard */,
				9189831120D27631007490D9 /* Assets.xcassets */,
				9189831320D27631007490D9 /* LaunchScreen.storyboard */,
			);
			path = Assets;
			sourceTree = "<group>";
		};
/* End PBXGroup section */

/* Begin PBXNativeTarget section */
		9189830020D27631007490D9 /* ColorSwitch */ = {
			isa = PBXNativeTarget;
			buildConfigurationList = 9189831920D27631007490D9 /* Build configuration list for PBXNativeTarget "ColorSwitch" */;
			buildPhases = (
				918982FD20D27631007490D9 /* Sources */,
				918982FE20D27631007490D9 /* Frameworks */,
				918982FF20D27631007490D9 /* Resources */,
			);
			buildRules = (
			);
			dependencies = (
			);
			name = ColorSwitch;
			productName = ColorSwitch;
			productReference = 9189830120D27631007490D9 /* ColorSwitch.app */;
			productType = "com.apple.product-type.application";
		};
/* End PBXNativeTarget section */

/* Begin PBXProject section */
		918982F920D27631007490D9 /* Project object */ = {
			isa = PBXProject;
			attributes = {
				LastSwiftUpdateCheck = 0920;
				LastUpgradeCheck = 0920;
				ORGANIZATIONNAME = "Marcus Lewis";
				TargetAttributes = {
					9189830020D27631007490D9 = {
						CreatedOnToolsVersion = 9.2;
						ProvisioningStyle = Automatic;
					};
				};
			};
			buildConfigurationList = 918982FC20D27631007490D9 /* Build configuration list for PBXProject "ColorSwitch" */;
			compatibilityVersion = "Xcode 8.0";
			developmentRegion = en;
			hasScannedForEncodings = 0;
			knownRegions = (
				en,
				Base,
			);
			mainGroup = 918982F820D27631007490D9;
			productRefGroup = 9189830220D27631007490D9 /* Products */;
			projectDirPath = "";
			projectRoot = "";
			targets = (
				9189830020D27631007490D9 /* ColorSwitch */,
			);
		};
/* End PBXProject section */

/* Begin PBXResourcesBuildPhase section */
		918982FF20D27631007490D9 /* Resources */ = {
			isa = PBXResourcesBuildPhase;
			buildActionMask = 2147483647;
			files = (
				9189831020D27631007490D9 /* Main.storyboard in Resources */,
				919603B820D3E46D00D55730 /* bling.wav in Resources */,
				9189831220D27631007490D9 /* Assets.xcassets in Resources */,
				9189831520D27631007490D9 /* LaunchScreen.storyboard in Resources */,
			);
			runOnlyForDeploymentPostprocessing = 0;
		};
/* End PBXResourcesBuildPhase section */

/* Begin PBXSourcesBuildPhase section */
		918982FD20D27631007490D9 /* Sources */ = {
			isa = PBXSourcesBuildPhase;
			buildActionMask = 2147483647;
			files = (
				9189830B20D27631007490D9 /* GameScene.swift in Sources */,
				9189832120D27ABE007490D9 /* Settings.swift in Sources */,
				919603B620D2B31500D55730 /* MenuScene.swift in Sources */,
				9189830D20D27631007490D9 /* GameViewController.swift in Sources */,
				9189830520D27631007490D9 /* AppDelegate.swift in Sources */,
			);
			runOnlyForDeploymentPostprocessing = 0;
		};
/* End PBXSourcesBuildPhase section */

/* Begin PBXVariantGroup section */
		9189830E20D27631007490D9 /* Main.storyboard */ = {
			isa = PBXVariantGroup;
			children = (
				9189830F20D27631007490D9 /* Base */,
			);
			name = Main.storyboard;
			sourceTree = "<group>";
		};
		9189831320D27631007490D9 /* LaunchScreen.storyboard */ = {
			isa = PBXVariantGroup;
			children = (
				9189831420D27631007490D9 /* Base */,
			);
			name = LaunchScreen.storyboard;
			sourceTree = "<group>";
		};
/* End PBXVariantGroup section */

/* Begin XCBuildConfiguration section */
		9189831720D27631007490D9 /* Debug */ = {
			isa = XCBuildConfiguration;
			buildSettings = {
				ALWAYS_SEARCH_USER_PATHS = NO;
				CLANG_ANALYZER_NONNULL = YES;
				CLANG_ANALYZER_NUMBER_OBJECT_CONVERSION = YES_AGGRESSIVE;
				CLANG_CXX_LANGUAGE_STANDARD = "gnu++14";
				CLANG_CXX_LIBRARY = "libc++";
				CLANG_ENABLE_MODULES = YES;
				CLANG_ENABLE_OBJC_ARC = YES;
				CLANG_WARN_BLOCK_CAPTURE_AUTORELEASING = YES;
				CLANG_WARN_BOOL_CONVERSION = YES;
				CLANG_WARN_COMMA = YES;
				CLANG_WARN_CONSTANT_CONVERSION = YES;
				CLANG_WARN_DIRECT_OBJC_ISA_USAGE = YES_ERROR;
				CLANG_WARN_DOCUMENTATION_COMMENTS = YES;
				CLANG_WARN_EMPTY_BODY = YES;
				CLANG_WARN_ENUM_CONVERSION = YES;
				CLANG_WARN_INFINITE_RECURSION = YES;
				CLANG_WARN_INT_CONVERSION = YES;
				CLANG_WARN_NON_LITERAL_NULL_CONVERSION = YES;
				CLANG_WARN_OBJC_LITERAL_CONVERSION = YES;
				CLANG_WARN_OBJC_ROOT_CLASS = YES_ERROR;
				CLANG_WARN_RANGE_LOOP_ANALYSIS = YES;
				CLANG_WARN_STRICT_PROTOTYPES = YES;
				CLANG_WARN_SUSPICIOUS_MOVE = YES;
				CLANG_WARN_UNGUARDED_AVAILABILITY = YES_AGGRESSIVE;
				CLANG_WARN_UNREACHABLE_CODE = YES;
				CLANG_WARN__DUPLICATE_METHOD_MATCH = YES;
				CODE_SIGN_IDENTITY = "iPhone Developer";
				COPY_PHASE_STRIP = NO;
				DEBUG_INFORMATION_FORMAT = dwarf;
				ENABLE_STRICT_OBJC_MSGSEND = YES;
				ENABLE_TESTABILITY = YES;
				GCC_C_LANGUAGE_STANDARD = gnu11;
				GCC_DYNAMIC_NO_PIC = NO;
				GCC_NO_COMMON_BLOCKS = YES;
				GCC_OPTIMIZATION_LEVEL = 0;
				GCC_PREPROCESSOR_DEFINITIONS = (
					"DEBUG=1",
					"$(inherited)",
				);
				GCC_WARN_64_TO_32_BIT_CONVERSION = YES;
				GCC_WARN_ABOUT_RETURN_TYPE = YES_ERROR;
				GCC_WARN_UNDECLARED_SELECTOR = YES;
				GCC_WARN_UNINITIALIZED_AUTOS = YES_AGGRESSIVE;
				GCC_WARN_UNUSED_FUNCTION = YES;
				GCC_WARN_UNUSED_VARIABLE = YES;
				IPHONEOS_DEPLOYMENT_TARGET = 11.2;
				MTL_ENABLE_DEBUG_INFO = YES;
				ONLY_ACTIVE_ARCH = YES;
				SDKROOT = iphoneos;
				SWIFT_ACTIVE_COMPILATION_CONDITIONS = DEBUG;
				SWIFT_OPTIMIZATION_LEVEL = "-Onone";
			};
			name = Debug;
		};
		9189831820D27631007490D9 /* Release */ = {
			isa = XCBuildConfiguration;
			buildSettings = {
				ALWAYS_SEARCH_USER_PATHS = NO;
				CLANG_ANALYZER_NONNULL = YES;
				CLANG_ANALYZER_NUMBER_OBJECT_CONVERSION = YES_AGGRESSIVE;
				CLANG_CXX_LANGUAGE_STANDARD = "gnu++14";
				CLANG_CXX_LIBRARY = "libc++";
				CLANG_ENABLE_MODULES = YES;
				CLANG_ENABLE_OBJC_ARC = YES;
				CLANG_WARN_BLOCK_CAPTURE_AUTORELEASING = YES;
				CLANG_WARN_BOOL_CONVERSION = YES;
				CLANG_WARN_COMMA = YES;
				CLANG_WARN_CONSTANT_CONVERSION = YES;
				CLANG_WARN_DIRECT_OBJC_ISA_USAGE = YES_ERROR;
				CLANG_WARN_DOCUMENTATION_COMMENTS = YES;
				CLANG_WARN_EMPTY_BODY = YES;
				CLANG_WARN_ENUM_CONVERSION = YES;
				CLANG_WARN_INFINITE_RECURSION = YES;
				CLANG_WARN_INT_CONVERSION = YES;
				CLANG_WARN_NON_LITERAL_NULL_CONVERSION = YES;
				CLANG_WARN_OBJC_LITERAL_CONVERSION = YES;
				CLANG_WARN_OBJC_ROOT_CLASS = YES_ERROR;
				CLANG_WARN_RANGE_LOOP_ANALYSIS = YES;
				CLANG_WARN_STRICT_PROTOTYPES = YES;
				CLANG_WARN_SUSPICIOUS_MOVE = YES;
				CLANG_WARN_UNGUARDED_AVAILABILITY = YES_AGGRESSIVE;
				CLANG_WARN_UNREACHABLE_CODE = YES;
				CLANG_WARN__DUPLICATE_METHOD_MATCH = YES;
				CODE_SIGN_IDENTITY = "iPhone Developer";
				COPY_PHASE_STRIP = NO;
				DEBUG_INFORMATION_FORMAT = "dwarf-with-dsym";
				ENABLE_NS_ASSERTIONS = NO;
				ENABLE_STRICT_OBJC_MSGSEND = YES;
				GCC_C_LANGUAGE_STANDARD = gnu11;
				GCC_NO_COMMON_BLOCKS = YES;
				GCC_WARN_64_TO_32_BIT_CONVERSION = YES;
				GCC_WARN_ABOUT_RETURN_TYPE = YES_ERROR;
				GCC_WARN_UNDECLARED_SELECTOR = YES;
				GCC_WARN_UNINITIALIZED_AUTOS = YES_AGGRESSIVE;
				GCC_WARN_UNUSED_FUNCTION = YES;
				GCC_WARN_UNUSED_VARIABLE = YES;
				IPHONEOS_DEPLOYMENT_TARGET = 11.2;
				MTL_ENABLE_DEBUG_INFO = NO;
				SDKROOT = iphoneos;
				SWIFT_OPTIMIZATION_LEVEL = "-Owholemodule";
				VALIDATE_PRODUCT = YES;
			};
			name = Release;
		};
		9189831A20D27631007490D9 /* Debug */ = {
			isa = XCBuildConfiguration;
			buildSettings = {
				ASSETCATALOG_COMPILER_APPICON_NAME = AppIcon;
				CODE_SIGN_STYLE = Automatic;
				DEVELOPMENT_TEAM = 45LUMXSNAB;
				INFOPLIST_FILE = ColorSwitch/Info.plist;
				LD_RUNPATH_SEARCH_PATHS = "$(inherited) @executable_path/Frameworks";
				PRODUCT_BUNDLE_IDENTIFIER = com.MarcusLewis.ColorSwitch;
				PRODUCT_NAME = "$(TARGET_NAME)";
				SWIFT_VERSION = 4.0;
				TARGETED_DEVICE_FAMILY = "1,2";
			};
			name = Debug;
		};
		9189831B20D27631007490D9 /* Release */ = {
			isa = XCBuildConfiguration;
			buildSettings = {
				ASSETCATALOG_COMPILER_APPICON_NAME = AppIcon;
				CODE_SIGN_STYLE = Automatic;
				DEVELOPMENT_TEAM = 45LUMXSNAB;
				INFOPLIST_FILE = ColorSwitch/Info.plist;
				LD_RUNPATH_SEARCH_PATHS = "$(inherited) @executable_path/Frameworks";
				PRODUCT_BUNDLE_IDENTIFIER = com.MarcusLewis.ColorSwitch;
				PRODUCT_NAME = "$(TARGET_NAME)";
				SWIFT_VERSION = 4.0;
				TARGETED_DEVICE_FAMILY = "1,2";
			};
			name = Release;
		};
/* End XCBuildConfiguration section */

/* Begin XCConfigurationList section */
		918982FC20D27631007490D9 /* Build configuration list for PBXProject "ColorSwitch" */ = {
			isa = XCConfigurationList;
			buildConfigurations = (
				9189831720D27631007490D9 /* Debug */,
				9189831820D27631007490D9 /* Release */,
			);
			defaultConfigurationIsVisible = 0;
			defaultConfigurationName = Release;
		};
		9189831920D27631007490D9 /* Build configuration list for PBXNativeTarget "ColorSwitch" */ = {
			isa = XCConfigurationList;
			buildConfigurations = (
				9189831A20D27631007490D9 /* Debug */,
				9189831B20D27631007490D9 /* Release */,
			);
			defaultConfigurationIsVisible = 0;
			defaultConfigurationName = Release;
		};
/* End XCConfigurationList section */
	};
	rootObject = 918982F920D27631007490D9 /* Project object */;
}
